// !$*UTF8*$!
{
	archiveVersion = 1;
	classes = {
	};
	objectVersion = 56;
	objects = {

/* Begin PBXBuildFile section */
		90B66B872B99F2C80091CEBA /* GlamGrooveSwiftUIApp.swift in Sources */ = {isa = PBXBuildFile; fileRef = 90B66B862B99F2C80091CEBA /* GlamGrooveSwiftUIApp.swift */; };
		90B66B8B2B99F2C80091CEBA /* Assets.xcassets in Resources */ = {isa = PBXBuildFile; fileRef = 90B66B8A2B99F2C80091CEBA /* Assets.xcassets */; };
		90B66B8E2B99F2C80091CEBA /* Preview Assets.xcassets in Resources */ = {isa = PBXBuildFile; fileRef = 90B66B8D2B99F2C80091CEBA /* Preview Assets.xcassets */; };
		90B66B982B99F2C80091CEBA /* GlamGrooveSwiftUITests.swift in Sources */ = {isa = PBXBuildFile; fileRef = 90B66B972B99F2C80091CEBA /* GlamGrooveSwiftUITests.swift */; };
		90B66BA22B99F2C80091CEBA /* GlamGrooveSwiftUIUITests.swift in Sources */ = {isa = PBXBuildFile; fileRef = 90B66BA12B99F2C80091CEBA /* GlamGrooveSwiftUIUITests.swift */; };
		90B66BA42B99F2C90091CEBA /* GlamGrooveSwiftUIUITestsLaunchTests.swift in Sources */ = {isa = PBXBuildFile; fileRef = 90B66BA32B99F2C90091CEBA /* GlamGrooveSwiftUIUITestsLaunchTests.swift */; };
		90B66BBE2B99F9C70091CEBA /* Coco-Gothic-Light-trial.ttf in Resources */ = {isa = PBXBuildFile; fileRef = 90B66BB12B99F9C70091CEBA /* Coco-Gothic-Light-trial.ttf */; };
		90B66BC42B99F9C70091CEBA /* Coco-Gothic-Regular-trial.ttf in Resources */ = {isa = PBXBuildFile; fileRef = 90B66BB72B99F9C70091CEBA /* Coco-Gothic-Regular-trial.ttf */; };
		90B66BC92B99F9C70091CEBA /* Coco-Gothic-Ultralight-trial.ttf in Resources */ = {isa = PBXBuildFile; fileRef = 90B66BBC2B99F9C70091CEBA /* Coco-Gothic-Ultralight-trial.ttf */; };
		90B66BCA2B99F9C70091CEBA /* Coco-Gothic-Bold-trial.ttf in Resources */ = {isa = PBXBuildFile; fileRef = 90B66BBD2B99F9C70091CEBA /* Coco-Gothic-Bold-trial.ttf */; };
		90B66BD22B99FF330091CEBA /* WelcomeScreen.swift in Sources */ = {isa = PBXBuildFile; fileRef = 90B66BD12B99FF330091CEBA /* WelcomeScreen.swift */; };
		90B66BD42B9A060E0091CEBA /* Launch Screen.storyboard in Resources */ = {isa = PBXBuildFile; fileRef = 90B66BD32B9A060E0091CEBA /* Launch Screen.storyboard */; };
		90CD73142BA08B0D006F8A15 /* UIExtention.swift in Sources */ = {isa = PBXBuildFile; fileRef = 90CD73132BA08B0D006F8A15 /* UIExtention.swift */; };
/* End PBXBuildFile section */

/* Begin PBXContainerItemProxy section */
		90B66B942B99F2C80091CEBA /* PBXContainerItemProxy */ = {
			isa = PBXContainerItemProxy;
			containerPortal = 90B66B7B2B99F2C80091CEBA /* Project object */;
			proxyType = 1;
			remoteGlobalIDString = 90B66B822B99F2C80091CEBA;
			remoteInfo = GlamGrooveSwiftUI;
		};
		90B66B9E2B99F2C80091CEBA /* PBXContainerItemProxy */ = {
			isa = PBXContainerItemProxy;
			containerPortal = 90B66B7B2B99F2C80091CEBA /* Project object */;
			proxyType = 1;
			remoteGlobalIDString = 90B66B822B99F2C80091CEBA;
			remoteInfo = GlamGrooveSwiftUI;
		};
/* End PBXContainerItemProxy section */

/* Begin PBXFileReference section */
		90B66B832B99F2C80091CEBA /* GlamGrooveSwiftUI.app */ = {isa = PBXFileReference; explicitFileType = wrapper.application; includeInIndex = 0; path = GlamGrooveSwiftUI.app; sourceTree = BUILT_PRODUCTS_DIR; };
		90B66B862B99F2C80091CEBA /* GlamGrooveSwiftUIApp.swift */ = {isa = PBXFileReference; lastKnownFileType = sourcecode.swift; path = GlamGrooveSwiftUIApp.swift; sourceTree = "<group>"; };
		90B66B8A2B99F2C80091CEBA /* Assets.xcassets */ = {isa = PBXFileReference; lastKnownFileType = folder.assetcatalog; path = Assets.xcassets; sourceTree = "<group>"; };
		90B66B8D2B99F2C80091CEBA /* Preview Assets.xcassets */ = {isa = PBXFileReference; lastKnownFileType = folder.assetcatalog; path = "Preview Assets.xcassets"; sourceTree = "<group>"; };
		90B66B932B99F2C80091CEBA /* GlamGrooveSwiftUITests.xctest */ = {isa = PBXFileReference; explicitFileType = wrapper.cfbundle; includeInIndex = 0; path = GlamGrooveSwiftUITests.xctest; sourceTree = BUILT_PRODUCTS_DIR; };
		90B66B972B99F2C80091CEBA /* GlamGrooveSwiftUITests.swift */ = {isa = PBXFileReference; lastKnownFileType = sourcecode.swift; path = GlamGrooveSwiftUITests.swift; sourceTree = "<group>"; };
		90B66B9D2B99F2C80091CEBA /* GlamGrooveSwiftUIUITests.xctest */ = {isa = PBXFileReference; explicitFileType = wrapper.cfbundle; includeInIndex = 0; path = GlamGrooveSwiftUIUITests.xctest; sourceTree = BUILT_PRODUCTS_DIR; };
		90B66BA12B99F2C80091CEBA /* GlamGrooveSwiftUIUITests.swift */ = {isa = PBXFileReference; lastKnownFileType = sourcecode.swift; path = GlamGrooveSwiftUIUITests.swift; sourceTree = "<group>"; };
		90B66BA32B99F2C90091CEBA /* GlamGrooveSwiftUIUITestsLaunchTests.swift */ = {isa = PBXFileReference; lastKnownFileType = sourcecode.swift; path = GlamGrooveSwiftUIUITestsLaunchTests.swift; sourceTree = "<group>"; };
		90B66BB12B99F9C70091CEBA /* Coco-Gothic-Light-trial.ttf */ = {isa = PBXFileReference; lastKnownFileType = file; path = "Coco-Gothic-Light-trial.ttf"; sourceTree = "<group>"; };
		90B66BB72B99F9C70091CEBA /* Coco-Gothic-Regular-trial.ttf */ = {isa = PBXFileReference; lastKnownFileType = file; path = "Coco-Gothic-Regular-trial.ttf"; sourceTree = "<group>"; };
		90B66BBC2B99F9C70091CEBA /* Coco-Gothic-Ultralight-trial.ttf */ = {isa = PBXFileReference; lastKnownFileType = file; path = "Coco-Gothic-Ultralight-trial.ttf"; sourceTree = "<group>"; };
		90B66BBD2B99F9C70091CEBA /* Coco-Gothic-Bold-trial.ttf */ = {isa = PBXFileReference; lastKnownFileType = file; path = "Coco-Gothic-Bold-trial.ttf"; sourceTree = "<group>"; };
		90B66BCB2B99FC2F0091CEBA /* Info.plist */ = {isa = PBXFileReference; lastKnownFileType = text.plist; path = Info.plist; sourceTree = "<group>"; };
		90B66BD12B99FF330091CEBA /* WelcomeScreen.swift */ = {isa = PBXFileReference; lastKnownFileType = sourcecode.swift; path = WelcomeScreen.swift; sourceTree = "<group>"; };
		90B66BD32B9A060E0091CEBA /* Launch Screen.storyboard */ = {isa = PBXFileReference; lastKnownFileType = file.storyboard; path = "Launch Screen.storyboard"; sourceTree = "<group>"; };
		90CD73132BA08B0D006F8A15 /* UIExtention.swift */ = {isa = PBXFileReference; lastKnownFileType = sourcecode.swift; path = UIExtention.swift; sourceTree = "<group>"; };
/* End PBXFileReference section */

/* Begin PBXFrameworksBuildPhase section */
		90B66B802B99F2C80091CEBA /* Frameworks */ = {
			isa = PBXFrameworksBuildPhase;
			buildActionMask = 2147483647;
			files = (
			);
			runOnlyForDeploymentPostprocessing = 0;
		};
		90B66B902B99F2C80091CEBA /* Frameworks */ = {
			isa = PBXFrameworksBuildPhase;
			buildActionMask = 2147483647;
			files = (
			);
			runOnlyForDeploymentPostprocessing = 0;
		};
		90B66B9A2B99F2C80091CEBA /* Frameworks */ = {
			isa = PBXFrameworksBuildPhase;
			buildActionMask = 2147483647;
			files = (
			);
			runOnlyForDeploymentPostprocessing = 0;
		};
/* End PBXFrameworksBuildPhase section */

/* Begin PBXGroup section */
		90B66B7A2B99F2C80091CEBA = {
			isa = PBXGroup;
			children = (
				90B66BD32B9A060E0091CEBA /* Launch Screen.storyboard */,
				90B66B852B99F2C80091CEBA /* GlamGrooveSwiftUI */,
				90B66B962B99F2C80091CEBA /* GlamGrooveSwiftUITests */,
				90B66BA02B99F2C80091CEBA /* GlamGrooveSwiftUIUITests */,
				90B66B842B99F2C80091CEBA /* Products */,
			);
			sourceTree = "<group>";
		};
		90B66B842B99F2C80091CEBA /* Products */ = {
			isa = PBXGroup;
			children = (
				90B66B832B99F2C80091CEBA /* GlamGrooveSwiftUI.app */,
				90B66B932B99F2C80091CEBA /* GlamGrooveSwiftUITests.xctest */,
				90B66B9D2B99F2C80091CEBA /* GlamGrooveSwiftUIUITests.xctest */,
			);
			name = Products;
			sourceTree = "<group>";
		};
		90B66B852B99F2C80091CEBA /* GlamGrooveSwiftUI */ = {
			isa = PBXGroup;
			children = (
				90CD73122BA08AEF006F8A15 /* Model */,
				90CD73112BA08ADE006F8A15 /* ViewModel */,
				90CD73102BA08AD2006F8A15 /* UICommon */,
				90B66BCC2B99FE000091CEBA /* View */,
				90B66BCB2B99FC2F0091CEBA /* Info.plist */,
				90B66BB02B99F8D90091CEBA /* Fonts */,
				90B66B862B99F2C80091CEBA /* GlamGrooveSwiftUIApp.swift */,
				90B66B8A2B99F2C80091CEBA /* Assets.xcassets */,
				90B66B8C2B99F2C80091CEBA /* Preview Content */,
			);
			path = GlamGrooveSwiftUI;
			sourceTree = "<group>";
		};
		90B66B8C2B99F2C80091CEBA /* Preview Content */ = {
			isa = PBXGroup;
			children = (
				90B66B8D2B99F2C80091CEBA /* Preview Assets.xcassets */,
			);
			path = "Preview Content";
			sourceTree = "<group>";
		};
		90B66B962B99F2C80091CEBA /* GlamGrooveSwiftUITests */ = {
			isa = PBXGroup;
			children = (
				90B66B972B99F2C80091CEBA /* GlamGrooveSwiftUITests.swift */,
			);
			path = GlamGrooveSwiftUITests;
			sourceTree = "<group>";
		};
		90B66BA02B99F2C80091CEBA /* GlamGrooveSwiftUIUITests */ = {
			isa = PBXGroup;
			children = (
				90B66BA12B99F2C80091CEBA /* GlamGrooveSwiftUIUITests.swift */,
				90B66BA32B99F2C90091CEBA /* GlamGrooveSwiftUIUITestsLaunchTests.swift */,
			);
			path = GlamGrooveSwiftUIUITests;
			sourceTree = "<group>";
		};
		90B66BB02B99F8D90091CEBA /* Fonts */ = {
			isa = PBXGroup;
			children = (
				90B66BBD2B99F9C70091CEBA /* Coco-Gothic-Bold-trial.ttf */,
				90B66BB12B99F9C70091CEBA /* Coco-Gothic-Light-trial.ttf */,
				90B66BB72B99F9C70091CEBA /* Coco-Gothic-Regular-trial.ttf */,
				90B66BBC2B99F9C70091CEBA /* Coco-Gothic-Ultralight-trial.ttf */,
			);
			path = Fonts;
			sourceTree = "<group>";
		};
		90B66BCC2B99FE000091CEBA /* View */ = {
			isa = PBXGroup;
			children = (
				90B66BD02B99FEF80091CEBA /* Login */,
			);
			path = View;
			sourceTree = "<group>";
		};
		90B66BD02B99FEF80091CEBA /* Login */ = {
			isa = PBXGroup;
			children = (
				90B66BD12B99FF330091CEBA /* WelcomeScreen.swift */,
			);
			path = Login;
			sourceTree = "<group>";
		};
		90CD73102BA08AD2006F8A15 /* UICommon */ = {
			isa = PBXGroup;
			children = (
				90CD73132BA08B0D006F8A15 /* UIExtention.swift */,
			);
			path = UICommon;
			sourceTree = "<group>";
		};
		90CD73112BA08ADE006F8A15 /* ViewModel */ = {
			isa = PBXGroup;
			children = (
			);
			path = ViewModel;
			sourceTree = "<group>";
		};
		90CD73122BA08AEF006F8A15 /* Model */ = {
			isa = PBXGroup;
			children = (
			);
			path = Model;
			sourceTree = "<group>";
		};
/* End PBXGroup section */

/* Begin PBXNativeTarget section */
		90B66B822B99F2C80091CEBA /* GlamGrooveSwiftUI */ = {
			isa = PBXNativeTarget;
			buildConfigurationList = 90B66BA72B99F2C90091CEBA /* Build configuration list for PBXNativeTarget "GlamGrooveSwiftUI" */;
			buildPhases = (
				90B66B7F2B99F2C80091CEBA /* Sources */,
				90B66B802B99F2C80091CEBA /* Frameworks */,
				90B66B812B99F2C80091CEBA /* Resources */,
			);
			buildRules = (
			);
			dependencies = (
			);
			name = GlamGrooveSwiftUI;
			productName = GlamGrooveSwiftUI;
			productReference = 90B66B832B99F2C80091CEBA /* GlamGrooveSwiftUI.app */;
			productType = "com.apple.product-type.application";
		};
		90B66B922B99F2C80091CEBA /* GlamGrooveSwiftUITests */ = {
			isa = PBXNativeTarget;
			buildConfigurationList = 90B66BAA2B99F2C90091CEBA /* Build configuration list for PBXNativeTarget "GlamGrooveSwiftUITests" */;
			buildPhases = (
				90B66B8F2B99F2C80091CEBA /* Sources */,
				90B66B902B99F2C80091CEBA /* Frameworks */,
				90B66B912B99F2C80091CEBA /* Resources */,
			);
			buildRules = (
			);
			dependencies = (
				90B66B952B99F2C80091CEBA /* PBXTargetDependency */,
			);
			name = GlamGrooveSwiftUITests;
			productName = GlamGrooveSwiftUITests;
			productReference = 90B66B932B99F2C80091CEBA /* GlamGrooveSwiftUITests.xctest */;
			productType = "com.apple.product-type.bundle.unit-test";
		};
		90B66B9C2B99F2C80091CEBA /* GlamGrooveSwiftUIUITests */ = {
			isa = PBXNativeTarget;
			buildConfigurationList = 90B66BAD2B99F2C90091CEBA /* Build configuration list for PBXNativeTarget "GlamGrooveSwiftUIUITests" */;
			buildPhases = (
				90B66B992B99F2C80091CEBA /* Sources */,
				90B66B9A2B99F2C80091CEBA /* Frameworks */,
				90B66B9B2B99F2C80091CEBA /* Resources */,
			);
			buildRules = (
			);
			dependencies = (
				90B66B9F2B99F2C80091CEBA /* PBXTargetDependency */,
			);
			name = GlamGrooveSwiftUIUITests;
			productName = GlamGrooveSwiftUIUITests;
			productReference = 90B66B9D2B99F2C80091CEBA /* GlamGrooveSwiftUIUITests.xctest */;
			productType = "com.apple.product-type.bundle.ui-testing";
		};
/* End PBXNativeTarget section */

/* Begin PBXProject section */
		90B66B7B2B99F2C80091CEBA /* Project object */ = {
			isa = PBXProject;
			attributes = {
				BuildIndependentTargetsInParallel = 1;
				LastSwiftUpdateCheck = 1520;
				LastUpgradeCheck = 1520;
				TargetAttributes = {
					90B66B822B99F2C80091CEBA = {
						CreatedOnToolsVersion = 15.2;
					};
					90B66B922B99F2C80091CEBA = {
						CreatedOnToolsVersion = 15.2;
						TestTargetID = 90B66B822B99F2C80091CEBA;
					};
					90B66B9C2B99F2C80091CEBA = {
						CreatedOnToolsVersion = 15.2;
						TestTargetID = 90B66B822B99F2C80091CEBA;
					};
				};
			};
			buildConfigurationList = 90B66B7E2B99F2C80091CEBA /* Build configuration list for PBXProject "GlamGrooveSwiftUI" */;
			compatibilityVersion = "Xcode 14.0";
			developmentRegion = en;
			hasScannedForEncodings = 0;
			knownRegions = (
				en,
				Base,
			);
			mainGroup = 90B66B7A2B99F2C80091CEBA;
			productRefGroup = 90B66B842B99F2C80091CEBA /* Products */;
			projectDirPath = "";
			projectRoot = "";
			targets = (
				90B66B822B99F2C80091CEBA /* GlamGrooveSwiftUI */,
				90B66B922B99F2C80091CEBA /* GlamGrooveSwiftUITests */,
				90B66B9C2B99F2C80091CEBA /* GlamGrooveSwiftUIUITests */,
			);
		};
/* End PBXProject section */

/* Begin PBXResourcesBuildPhase section */
		90B66B812B99F2C80091CEBA /* Resources */ = {
			isa = PBXResourcesBuildPhase;
			buildActionMask = 2147483647;
			files = (
				90B66BCA2B99F9C70091CEBA /* Coco-Gothic-Bold-trial.ttf in Resources */,
				90B66B8E2B99F2C80091CEBA /* Preview Assets.xcassets in Resources */,
				90B66B8B2B99F2C80091CEBA /* Assets.xcassets in Resources */,
				90B66BC92B99F9C70091CEBA /* Coco-Gothic-Ultralight-trial.ttf in Resources */,
				90B66BBE2B99F9C70091CEBA /* Coco-Gothic-Light-trial.ttf in Resources */,
				90B66BC42B99F9C70091CEBA /* Coco-Gothic-Regular-trial.ttf in Resources */,
				90B66BD42B9A060E0091CEBA /* Launch Screen.storyboard in Resources */,
			);
			runOnlyForDeploymentPostprocessing = 0;
		};
		90B66B912B99F2C80091CEBA /* Resources */ = {
			isa = PBXResourcesBuildPhase;
			buildActionMask = 2147483647;
			files = (
			);
			runOnlyForDeploymentPostprocessing = 0;
		};
		90B66B9B2B99F2C80091CEBA /* Resources */ = {
			isa = PBXResourcesBuildPhase;
			buildActionMask = 2147483647;
			files = (
			);
			runOnlyForDeploymentPostprocessing = 0;
		};
/* End PBXResourcesBuildPhase section */

/* Begin PBXSourcesBuildPhase section */
		90B66B7F2B99F2C80091CEBA /* Sources */ = {
			isa = PBXSourcesBuildPhase;
			buildActionMask = 2147483647;
			files = (
				90B66BD22B99FF330091CEBA /* WelcomeScreen.swift in Sources */,
				90B66B872B99F2C80091CEBA /* GlamGrooveSwiftUIApp.swift in Sources */,
				90CD73142BA08B0D006F8A15 /* UIExtention.swift in Sources */,
			);
			runOnlyForDeploymentPostprocessing = 0;
		};
		90B66B8F2B99F2C80091CEBA /* Sources */ = {
			isa = PBXSourcesBuildPhase;
			buildActionMask = 2147483647;
			files = (
				90B66B982B99F2C80091CEBA /* GlamGrooveSwiftUITests.swift in Sources */,
			);
			runOnlyForDeploymentPostprocessing = 0;
		};
		90B66B992B99F2C80091CEBA /* Sources */ = {
			isa = PBXSourcesBuildPhase;
			buildActionMask = 2147483647;
			files = (
				90B66BA22B99F2C80091CEBA /* GlamGrooveSwiftUIUITests.swift in Sources */,
				90B66BA42B99F2C90091CEBA /* GlamGrooveSwiftUIUITestsLaunchTests.swift in Sources */,
			);
			runOnlyForDeploymentPostprocessing = 0;
		};
/* End PBXSourcesBuildPhase section */

/* Begin PBXTargetDependency section */
		90B66B952B99F2C80091CEBA /* PBXTargetDependency */ = {
			isa = PBXTargetDependency;
			target = 90B66B822B99F2C80091CEBA /* GlamGrooveSwiftUI */;
			targetProxy = 90B66B942B99F2C80091CEBA /* PBXContainerItemProxy */;
		};
		90B66B9F2B99F2C80091CEBA /* PBXTargetDependency */ = {
			isa = PBXTargetDependency;
			target = 90B66B822B99F2C80091CEBA /* GlamGrooveSwiftUI */;
			targetProxy = 90B66B9E2B99F2C80091CEBA /* PBXContainerItemProxy */;
		};
/* End PBXTargetDependency section */

/* Begin XCBuildConfiguration section */
		90B66BA52B99F2C90091CEBA /* Debug */ = {
			isa = XCBuildConfiguration;
			buildSettings = {
				ALWAYS_SEARCH_USER_PATHS = NO;
				ASSETCATALOG_COMPILER_GENERATE_SWIFT_ASSET_SYMBOL_EXTENSIONS = YES;
				CLANG_ANALYZER_NONNULL = YES;
				CLANG_ANALYZER_NUMBER_OBJECT_CONVERSION = YES_AGGRESSIVE;
				CLANG_CXX_LANGUAGE_STANDARD = "gnu++20";
				CLANG_ENABLE_MODULES = YES;
				CLANG_ENABLE_OBJC_ARC = YES;
				CLANG_ENABLE_OBJC_WEAK = YES;
				CLANG_WARN_BLOCK_CAPTURE_AUTORELEASING = YES;
				CLANG_WARN_BOOL_CONVERSION = YES;
				CLANG_WARN_COMMA = YES;
				CLANG_WARN_CONSTANT_CONVERSION = YES;
				CLANG_WARN_DEPRECATED_OBJC_IMPLEMENTATIONS = YES;
				CLANG_WARN_DIRECT_OBJC_ISA_USAGE = YES_ERROR;
				CLANG_WARN_DOCUMENTATION_COMMENTS = YES;
				CLANG_WARN_EMPTY_BODY = YES;
				CLANG_WARN_ENUM_CONVERSION = YES;
				CLANG_WARN_INFINITE_RECURSION = YES;
				CLANG_WARN_INT_CONVERSION = YES;
				CLANG_WARN_NON_LITERAL_NULL_CONVERSION = YES;
				CLANG_WARN_OBJC_IMPLICIT_RETAIN_SELF = YES;
				CLANG_WARN_OBJC_LITERAL_CONVERSION = YES;
				CLANG_WARN_OBJC_ROOT_CLASS = YES_ERROR;
				CLANG_WARN_QUOTED_INCLUDE_IN_FRAMEWORK_HEADER = YES;
				CLANG_WARN_RANGE_LOOP_ANALYSIS = YES;
				CLANG_WARN_STRICT_PROTOTYPES = YES;
				CLANG_WARN_SUSPICIOUS_MOVE = YES;
				CLANG_WARN_UNGUARDED_AVAILABILITY = YES_AGGRESSIVE;
				CLANG_WARN_UNREACHABLE_CODE = YES;
				CLANG_WARN__DUPLICATE_METHOD_MATCH = YES;
				COPY_PHASE_STRIP = NO;
				DEBUG_INFORMATION_FORMAT = dwarf;
				ENABLE_STRICT_OBJC_MSGSEND = YES;
				ENABLE_TESTABILITY = YES;
				ENABLE_USER_SCRIPT_SANDBOXING = YES;
				GCC_C_LANGUAGE_STANDARD = gnu17;
				GCC_DYNAMIC_NO_PIC = NO;
				GCC_NO_COMMON_BLOCKS = YES;
				GCC_OPTIMIZATION_LEVEL = 0;
				GCC_PREPROCESSOR_DEFINITIONS = (
					"DEBUG=1",
					"$(inherited)",
				);
				GCC_WARN_64_TO_32_BIT_CONVERSION = YES;
				GCC_WARN_ABOUT_RETURN_TYPE = YES_ERROR;
				GCC_WARN_UNDECLARED_SELECTOR = YES;
				GCC_WARN_UNINITIALIZED_AUTOS = YES_AGGRESSIVE;
				GCC_WARN_UNUSED_FUNCTION = YES;
				GCC_WARN_UNUSED_VARIABLE = YES;
				IPHONEOS_DEPLOYMENT_TARGET = 17.2;
				LOCALIZATION_PREFERS_STRING_CATALOGS = YES;
				MTL_ENABLE_DEBUG_INFO = INCLUDE_SOURCE;
				MTL_FAST_MATH = YES;
				ONLY_ACTIVE_ARCH = YES;
				SDKROOT = iphoneos;
				SWIFT_ACTIVE_COMPILATION_CONDITIONS = "DEBUG $(inherited)";
				SWIFT_OPTIMIZATION_LEVEL = "-Onone";
			};
			name = Debug;
		};
		90B66BA62B99F2C90091CEBA /* Release */ = {
			isa = XCBuildConfiguration;
			buildSettings = {
				ALWAYS_SEARCH_USER_PATHS = NO;
				ASSETCATALOG_COMPILER_GENERATE_SWIFT_ASSET_SYMBOL_EXTENSIONS = YES;
				CLANG_ANALYZER_NONNULL = YES;
				CLANG_ANALYZER_NUMBER_OBJECT_CONVERSION = YES_AGGRESSIVE;
				CLANG_CXX_LANGUAGE_STANDARD = "gnu++20";
				CLANG_ENABLE_MODULES = YES;
				CLANG_ENABLE_OBJC_ARC = YES;
				CLANG_ENABLE_OBJC_WEAK = YES;
				CLANG_WARN_BLOCK_CAPTURE_AUTORELEASING = YES;
				CLANG_WARN_BOOL_CONVERSION = YES;
				CLANG_WARN_COMMA = YES;
				CLANG_WARN_CONSTANT_CONVERSION = YES;
				CLANG_WARN_DEPRECATED_OBJC_IMPLEMENTATIONS = YES;
				CLANG_WARN_DIRECT_OBJC_ISA_USAGE = YES_ERROR;
				CLANG_WARN_DOCUMENTATION_COMMENTS = YES;
				CLANG_WARN_EMPTY_BODY = YES;
				CLANG_WARN_ENUM_CONVERSION = YES;
				CLANG_WARN_INFINITE_RECURSION = YES;
				CLANG_WARN_INT_CONVERSION = YES;
				CLANG_WARN_NON_LITERAL_NULL_CONVERSION = YES;
				CLANG_WARN_OBJC_IMPLICIT_RETAIN_SELF = YES;
				CLANG_WARN_OBJC_LITERAL_CONVERSION = YES;
				CLANG_WARN_OBJC_ROOT_CLASS = YES_ERROR;
				CLANG_WARN_QUOTED_INCLUDE_IN_FRAMEWORK_HEADER = YES;
				CLANG_WARN_RANGE_LOOP_ANALYSIS = YES;
				CLANG_WARN_STRICT_PROTOTYPES = YES;
				CLANG_WARN_SUSPICIOUS_MOVE = YES;
				CLANG_WARN_UNGUARDED_AVAILABILITY = YES_AGGRESSIVE;
				CLANG_WARN_UNREACHABLE_CODE = YES;
				CLANG_WARN__DUPLICATE_METHOD_MATCH = YES;
				COPY_PHASE_STRIP = NO;
				DEBUG_INFORMATION_FORMAT = "dwarf-with-dsym";
				ENABLE_NS_ASSERTIONS = NO;
				ENABLE_STRICT_OBJC_MSGSEND = YES;
				ENABLE_USER_SCRIPT_SANDBOXING = YES;
				GCC_C_LANGUAGE_STANDARD = gnu17;
				GCC_NO_COMMON_BLOCKS = YES;
				GCC_WARN_64_TO_32_BIT_CONVERSION = YES;
				GCC_WARN_ABOUT_RETURN_TYPE = YES_ERROR;
				GCC_WARN_UNDECLARED_SELECTOR = YES;
				GCC_WARN_UNINITIALIZED_AUTOS = YES_AGGRESSIVE;
				GCC_WARN_UNUSED_FUNCTION = YES;
				GCC_WARN_UNUSED_VARIABLE = YES;
				IPHONEOS_DEPLOYMENT_TARGET = 17.2;
				LOCALIZATION_PREFERS_STRING_CATALOGS = YES;
				MTL_ENABLE_DEBUG_INFO = NO;
				MTL_FAST_MATH = YES;
				SDKROOT = iphoneos;
				SWIFT_COMPILATION_MODE = wholemodule;
				VALIDATE_PRODUCT = YES;
			};
			name = Release;
		};
		90B66BA82B99F2C90091CEBA /* Debug */ = {
			isa = XCBuildConfiguration;
			buildSettings = {
				ASSETCATALOG_COMPILER_APPICON_NAME = AppIcon;
				ASSETCATALOG_COMPILER_GLOBAL_ACCENT_COLOR_NAME = AccentColor;
				CODE_SIGN_STYLE = Automatic;
				CURRENT_PROJECT_VERSION = 1;
				DEVELOPMENT_ASSET_PATHS = "\"GlamGrooveSwiftUI/Preview Content\"";
				ENABLE_PREVIEWS = YES;
				GENERATE_INFOPLIST_FILE = YES;
				INFOPLIST_FILE = GlamGrooveSwiftUI/Info.plist;
				INFOPLIST_KEY_UIApplicationSceneManifest_Generation = YES;
				INFOPLIST_KEY_UIApplicationSupportsIndirectInputEvents = YES;
				INFOPLIST_KEY_UILaunchScreen_Generation = YES;
				INFOPLIST_KEY_UILaunchStoryboardName = "Launch Screen.storyboard";
				INFOPLIST_KEY_UIStatusBarHidden = YES;
				INFOPLIST_KEY_UISupportedInterfaceOrientations = UIInterfaceOrientationPortrait;
				INFOPLIST_KEY_UISupportedInterfaceOrientations_iPad = "UIInterfaceOrientationLandscapeLeft UIInterfaceOrientationLandscapeRight UIInterfaceOrientationPortrait UIInterfaceOrientationPortraitUpsideDown";
				LD_RUNPATH_SEARCH_PATHS = (
					"$(inherited)",
					"@executable_path/Frameworks",
				);
				MARKETING_VERSION = 1.0;
				PRODUCT_BUNDLE_IDENTIFIER = com.MDFSPayoe.GlamGrooveSwiftUI;
				PRODUCT_NAME = "$(TARGET_NAME)";
				SUPPORTED_PLATFORMS = "iphoneos iphonesimulator";
				SUPPORTS_MACCATALYST = NO;
				SUPPORTS_MAC_DESIGNED_FOR_IPHONE_IPAD = NO;
				SUPPORTS_XR_DESIGNED_FOR_IPHONE_IPAD = NO;
				SWIFT_EMIT_LOC_STRINGS = YES;
				SWIFT_VERSION = 5.0;
				TARGETED_DEVICE_FAMILY = 1;
			};
			name = Debug;
		};
		90B66BA92B99F2C90091CEBA /* Release */ = {
			isa = XCBuildConfiguration;
			buildSettings = {
				ASSETCATALOG_COMPILER_APPICON_NAME = AppIcon;
				ASSETCATALOG_COMPILER_GLOBAL_ACCENT_COLOR_NAME = AccentColor;
				CODE_SIGN_STYLE = Automatic;
				CURRENT_PROJECT_VERSION = 1;
				DEVELOPMENT_ASSET_PATHS = "\"GlamGrooveSwiftUI/Preview Content\"";
				ENABLE_PREVIEWS = YES;
				GENERATE_INFOPLIST_FILE = YES;
				INFOPLIST_FILE = GlamGrooveSwiftUI/Info.plist;
				INFOPLIST_KEY_UIApplicationSceneManifest_Generation = YES;
				INFOPLIST_KEY_UIApplicationSupportsIndirectInputEvents = YES;
				INFOPLIST_KEY_UILaunchScreen_Generation = YES;
				INFOPLIST_KEY_UILaunchStoryboardName = "Launch Screen.storyboard";
				INFOPLIST_KEY_UIStatusBarHidden = YES;
				INFOPLIST_KEY_UISupportedInterfaceOrientations = UIInterfaceOrientationPortrait;
				INFOPLIST_KEY_UISupportedInterfaceOrientations_iPad = "UIInterfaceOrientationLandscapeLeft UIInterfaceOrientationLandscapeRight UIInterfaceOrientationPortrait UIInterfaceOrientationPortraitUpsideDown";
				LD_RUNPATH_SEARCH_PATHS = (
					"$(inherited)",
					"@executable_path/Frameworks",
				);
				MARKETING_VERSION = 1.0;
				PRODUCT_BUNDLE_IDENTIFIER = com.MDFSPayoe.GlamGrooveSwiftUI;
				PRODUCT_NAME = "$(TARGET_NAME)";
				SUPPORTED_PLATFORMS = "iphoneos iphonesimulator";
				SUPPORTS_MACCATALYST = NO;
				SUPPORTS_MAC_DESIGNED_FOR_IPHONE_IPAD = NO;
				SUPPORTS_XR_DESIGNED_FOR_IPHONE_IPAD = NO;
				SWIFT_EMIT_LOC_STRINGS = YES;
				SWIFT_VERSION = 5.0;
				TARGETED_DEVICE_FAMILY = 1;
			};
			name = Release;
		};
		90B66BAB2B99F2C90091CEBA /* Debug */ = {
			isa = XCBuildConfiguration;
			buildSettings = {
				ALWAYS_EMBED_SWIFT_STANDARD_LIBRARIES = YES;
				BUNDLE_LOADER = "$(TEST_HOST)";
				CODE_SIGN_STYLE = Automatic;
				CURRENT_PROJECT_VERSION = 1;
				GENERATE_INFOPLIST_FILE = YES;
				IPHONEOS_DEPLOYMENT_TARGET = 17.2;
				MARKETING_VERSION = 1.0;
				PRODUCT_BUNDLE_IDENTIFIER = com.MDFSPayoe.GlamGrooveSwiftUITests;
				PRODUCT_NAME = "$(TARGET_NAME)";
				SWIFT_EMIT_LOC_STRINGS = NO;
				SWIFT_VERSION = 5.0;
				TARGETED_DEVICE_FAMILY = "1,2";
				TEST_HOST = "$(BUILT_PRODUCTS_DIR)/GlamGrooveSwiftUI.app/$(BUNDLE_EXECUTABLE_FOLDER_PATH)/GlamGrooveSwiftUI";
			};
			name = Debug;
		};
		90B66BAC2B99F2C90091CEBA /* Release */ = {
			isa = XCBuildConfiguration;
			buildSettings = {
				ALWAYS_EMBED_SWIFT_STANDARD_LIBRARIES = YES;
				BUNDLE_LOADER = "$(TEST_HOST)";
				CODE_SIGN_STYLE = Automatic;
				CURRENT_PROJECT_VERSION = 1;
				GENERATE_INFOPLIST_FILE = YES;
				IPHONEOS_DEPLOYMENT_TARGET = 17.2;
				MARKETING_VERSION = 1.0;
				PRODUCT_BUNDLE_IDENTIFIER = com.MDFSPayoe.GlamGrooveSwiftUITests;
				PRODUCT_NAME = "$(TARGET_NAME)";
				SWIFT_EMIT_LOC_STRINGS = NO;
				SWIFT_VERSION = 5.0;
				TARGETED_DEVICE_FAMILY = "1,2";
				TEST_HOST = "$(BUILT_PRODUCTS_DIR)/GlamGrooveSwiftUI.app/$(BUNDLE_EXECUTABLE_FOLDER_PATH)/GlamGrooveSwiftUI";
			};
			name = Release;
		};
		90B66BAE2B99F2C90091CEBA /* Debug */ = {
			isa = XCBuildConfiguration;
			buildSettings = {
				ALWAYS_EMBED_SWIFT_STANDARD_LIBRARIES = YES;
				CODE_SIGN_STYLE = Automatic;
				CURRENT_PROJECT_VERSION = 1;
				GENERATE_INFOPLIST_FILE = YES;
				MARKETING_VERSION = 1.0;
				PRODUCT_BUNDLE_IDENTIFIER = com.MDFSPayoe.GlamGrooveSwiftUIUITests;
				PRODUCT_NAME = "$(TARGET_NAME)";
				SWIFT_EMIT_LOC_STRINGS = NO;
				SWIFT_VERSION = 5.0;
				TARGETED_DEVICE_FAMILY = "1,2";
				TEST_TARGET_NAME = GlamGrooveSwiftUI;
			};
			name = Debug;
		};
		90B66BAF2B99F2C90091CEBA /* Release */ = {
			isa = XCBuildConfiguration;
			buildSettings = {
				ALWAYS_EMBED_SWIFT_STANDARD_LIBRARIES = YES;
				CODE_SIGN_STYLE = Automatic;
				CURRENT_PROJECT_VERSION = 1;
				GENERATE_INFOPLIST_FILE = YES;
				MARKETING_VERSION = 1.0;
				PRODUCT_BUNDLE_IDENTIFIER = com.MDFSPayoe.GlamGrooveSwiftUIUITests;
				PRODUCT_NAME = "$(TARGET_NAME)";
				SWIFT_EMIT_LOC_STRINGS = NO;
				SWIFT_VERSION = 5.0;
				TARGETED_DEVICE_FAMILY = "1,2";
				TEST_TARGET_NAME = GlamGrooveSwiftUI;
			};
			name = Release;
		};
/* End XCBuildConfiguration section */

/* Begin XCConfigurationList section */
		90B66B7E2B99F2C80091CEBA /* Build configuration list for PBXProject "GlamGrooveSwiftUI" */ = {
			isa = XCConfigurationList;
			buildConfigurations = (
				90B66BA52B99F2C90091CEBA /* Debug */,
				90B66BA62B99F2C90091CEBA /* Release */,
			);
			defaultConfigurationIsVisible = 0;
			defaultConfigurationName = Release;
		};
		90B66BA72B99F2C90091CEBA /* Build configuration list for PBXNativeTarget "GlamGrooveSwiftUI" */ = {
			isa = XCConfigurationList;
			buildConfigurations = (
				90B66BA82B99F2C90091CEBA /* Debug */,
				90B66BA92B99F2C90091CEBA /* Release */,
			);
			defaultConfigurationIsVisible = 0;
			defaultConfigurationName = Release;
		};
		90B66BAA2B99F2C90091CEBA /* Build configuration list for PBXNativeTarget "GlamGrooveSwiftUITests" */ = {
			isa = XCConfigurationList;
			buildConfigurations = (
				90B66BAB2B99F2C90091CEBA /* Debug */,
				90B66BAC2B99F2C90091CEBA /* Release */,
			);
			defaultConfigurationIsVisible = 0;
			defaultConfigurationName = Release;
		};
		90B66BAD2B99F2C90091CEBA /* Build configuration list for PBXNativeTarget "GlamGrooveSwiftUIUITests" */ = {
			isa = XCConfigurationList;
			buildConfigurations = (
				90B66BAE2B99F2C90091CEBA /* Debug */,
				90B66BAF2B99F2C90091CEBA /* Release */,
			);
			defaultConfigurationIsVisible = 0;
			defaultConfigurationName = Release;
		};
/* End XCConfigurationList section */
	};
	rootObject = 90B66B7B2B99F2C80091CEBA /* Project object */;
}
